
Microsoft Visual Studio Solution File, Format Version 12.00
# Visual Studio Version 16
VisualStudioVersion = 16.0.31624.102
MinimumVisualStudioVersion = 10.0.40219.1
Project("{FAE04EC0-301F-11D3-BF4B-00C04F79EFBC}") = "Interface_SOLID", "Interface_SOLID.csproj", "{DCDE7193-5D58-473C-82F3-E60C19003846}"
EndProject
Global
	GlobalSection(SolutionConfigurationPlatforms) = preSolution
		Debug|Any CPU = Debug|Any CPU
		Release|Any CPU = Release|Any CPU
	EndGlobalSection
	GlobalSection(ProjectConfigurationPlatforms) = postSolution
		{DCDE7193-5D58-473C-82F3-E60C19003846}.Debug|Any CPU.ActiveCfg = Debug|Any CPU
		{DCDE7193-5D58-473C-82F3-E60C19003846}.Debug|Any CPU.Build.0 = Debug|Any CPU
		{DCDE7193-5D58-473C-82F3-E60C19003846}.Release|Any CPU.ActiveCfg = Release|Any CPU
		{DCDE7193-5D58-473C-82F3-E60C19003846}.Release|Any CPU.Build.0 = Release|Any CPU
	EndGlobalSection
	GlobalSection(SolutionProperties) = preSolution
		HideSolutionNode = FALSE
	EndGlobalSection
	GlobalSection(ExtensibilityGlobals) = postSolution
		SolutionGuid = {4965D148-E923-493C-9BA3-B5518351E629}
	EndGlobalSection
EndGlobal
